<?xml version="1.0" encoding="utf-8"?>
<Project ToolsVersion="4.0" xmlns="http://schemas.microsoft.com/developer/msbuild/2003">
  <ItemGroup>
    <Filter Include="소스 파일">
      <UniqueIdentifier>{4FC737F1-C7A5-4376-A066-2A32D752A2FF}</UniqueIdentifier>
      <Extensions>cpp;c;cc;cxx;def;odl;idl;hpj;bat;asm;asmx</Extensions>
    </Filter>
    <Filter Include="헤더 파일">
      <UniqueIdentifier>{93995380-89BD-4b04-88EB-625FBE52EBFB}</UniqueIdentifier>
      <Extensions>h;hh;hpp;hxx;hm;inl;inc;xsd</Extensions>
    </Filter>
    <Filter Include="리소스 파일">
      <UniqueIdentifier>{67DA6AB6-F800-4c08-8B7A-83BB121AAD01}</UniqueIdentifier>
      <Extensions>rc;ico;cur;bmp;dlg;rc2;rct;bin;rgs;gif;jpg;jpeg;jpe;resx;tiff;tif;png;wav;mfcribbon-ms</Extensions>
    </Filter>
    <Filter Include="소스 파일\Part1">
      <UniqueIdentifier>{4b8c38b9-1e1e-4b4e-8af0-0608f5abb1fa}</UniqueIdentifier>
    </Filter>
    <Filter Include="소스 파일\Part1\Chapter10">
      <UniqueIdentifier>{9e925fd5-6ee1-4d35-bb87-f19b4a969737}</UniqueIdentifier>
    </Filter>
    <Filter Include="소스 파일\Part1\Chapter09">
      <UniqueIdentifier>{b92a5eef-a734-4b23-8d66-f9251be5e5d3}</UniqueIdentifier>
    </Filter>
    <Filter Include="소스 파일\Part2">
      <UniqueIdentifier>{b075d4cf-f82b-4cdd-9214-f6a9bb6ee969}</UniqueIdentifier>
    </Filter>
    <Filter Include="소스 파일\Part2\Chapter11">
      <UniqueIdentifier>{77d85850-92a2-47da-9f1b-47de5de0f7be}</UniqueIdentifier>
    </Filter>
    <Filter Include="소스 파일\Part2\Chapter12">
      <UniqueIdentifier>{c9ece62a-1142-4e9c-9731-4b91ed477451}</UniqueIdentifier>
    </Filter>
    <Filter Include="소스 파일\Part2\Chapter13">
      <UniqueIdentifier>{745d71ca-736d-4d8a-bfc0-8b5611175f7d}</UniqueIdentifier>
    </Filter>
    <Filter Include="소스 파일\Part2\Chapter14">
      <UniqueIdentifier>{7be396b0-d692-416b-8587-c51862f62c14}</UniqueIdentifier>
    </Filter>
    <Filter Include="소스 파일\Part2\Chapter15">
      <UniqueIdentifier>{0c240e7b-1d23-4db1-b296-f15938fa822c}</UniqueIdentifier>
    </Filter>
    <Filter Include="소스 파일\Problem">
      <UniqueIdentifier>{bde0155a-2b85-42f2-a647-af57e5102533}</UniqueIdentifier>
    </Filter>
    <Filter Include="소스 파일\Part3">
      <UniqueIdentifier>{b7551bac-ede8-4720-b5e7-93aa310863ba}</UniqueIdentifier>
    </Filter>
    <Filter Include="소스 파일\Part3\Chapter16">
      <UniqueIdentifier>{d1a41b15-9143-49e0-8ae5-efdd19e81baf}</UniqueIdentifier>
    </Filter>
    <Filter Include="소스 파일\Part3\Chapter17">
      <UniqueIdentifier>{b96844bb-0e85-4b7b-bd3e-701636d6f811}</UniqueIdentifier>
    </Filter>
    <Filter Include="소스 파일\Part3\Chapter18">
      <UniqueIdentifier>{80a6d6a3-c840-444f-a989-a1485fe57c16}</UniqueIdentifier>
    </Filter>
    <Filter Include="소스 파일\Part3\Chapter19">
      <UniqueIdentifier>{97ecf5cf-9f0d-46df-a8ec-7cddd946de59}</UniqueIdentifier>
    </Filter>
    <Filter Include="소스 파일\Part4">
      <UniqueIdentifier>{06223f81-c654-427a-8cca-8e585aceaccf}</UniqueIdentifier>
    </Filter>
    <Filter Include="소스 파일\Part3\Chapter20">
      <UniqueIdentifier>{4b4418f9-cce4-491b-9ab2-50ef238c35ff}</UniqueIdentifier>
    </Filter>
  </ItemGroup>
  <ItemGroup>
    <ClCompile Include="Condition_Operator.c">
      <Filter>소스 파일\Part1</Filter>
    </ClCompile>
    <ClCompile Include="Constant.c">
      <Filter>소스 파일\Part1</Filter>
    </ClCompile>
    <ClCompile Include="ContineAndBreak.c">
      <Filter>소스 파일\Part1</Filter>
    </ClCompile>
    <ClCompile Include="DataInput1.c">
      <Filter>소스 파일\Part1</Filter>
    </ClCompile>
    <ClCompile Include="DataType.c">
      <Filter>소스 파일\Part1</Filter>
    </ClCompile>
    <ClCompile Include="Elementary_main.c">
      <Filter>소스 파일\Part1</Filter>
    </ClCompile>
    <ClCompile Include="Elementary_Printf.c">
      <Filter>소스 파일\Part1</Filter>
    </ClCompile>
    <ClCompile Include="For_Iterative.c">
      <Filter>소스 파일\Part1</Filter>
    </ClCompile>
    <ClCompile Include="Global_Variable.c">
      <Filter>소스 파일\Part1</Filter>
    </ClCompile>
    <ClCompile Include="NumberTransfer.c">
      <Filter>소스 파일\Part1</Filter>
    </ClCompile>
    <ClCompile Include="Operating_Problem.c">
      <Filter>소스 파일\Part1</Filter>
    </ClCompile>
    <ClCompile Include="Print_Integer.c">
      <Filter>소스 파일\Part1</Filter>
    </ClCompile>
    <ClCompile Include="Print_RealNumber.c">
      <Filter>소스 파일\Part1</Filter>
    </ClCompile>
    <ClCompile Include="Print_String.c">
      <Filter>소스 파일\Part1</Filter>
    </ClCompile>
    <ClCompile Include="PRINTF_FUNC.c">
      <Filter>소스 파일\Part1</Filter>
    </ClCompile>
    <ClCompile Include="Recursive_Factorial.c">
      <Filter>소스 파일\Part1</Filter>
    </ClCompile>
    <ClCompile Include="Static_Local_Variable.c">
      <Filter>소스 파일\Part1</Filter>
    </ClCompile>
    <ClCompile Include="SwitchCase.c">
      <Filter>소스 파일\Part1</Filter>
    </ClCompile>
    <ClCompile Include="VariousOperator.c">
      <Filter>소스 파일\Part1</Filter>
    </ClCompile>
    <ClCompile Include="While_Practice_1,2,4,5.c">
      <Filter>소스 파일\Part1</Filter>
    </ClCompile>
    <ClCompile Include="While_Practice_3.c">
      <Filter>소스 파일\Part1</Filter>
    </ClCompile>
    <ClCompile Include="FunctionPractice.c">
      <Filter>소스 파일\Part1\Chapter09</Filter>
    </ClCompile>
    <ClCompile Include="Trial01.c">
      <Filter>소스 파일\Part1\Chapter10</Filter>
    </ClCompile>
    <ClCompile Include="Trial03.c">
      <Filter>소스 파일\Part1\Chapter10</Filter>
    </ClCompile>
    <ClCompile Include="Trial04.c">
      <Filter>소스 파일\Part1\Chapter10</Filter>
    </ClCompile>
    <ClCompile Include="Tiral05.c">
      <Filter>소스 파일\Part1\Chapter10</Filter>
    </ClCompile>
    <ClCompile Include="Trial06.c">
      <Filter>소스 파일\Part1\Chapter10</Filter>
    </ClCompile>
    <ClCompile Include="Trial07.c">
      <Filter>소스 파일\Part1\Chapter10</Filter>
    </ClCompile>
    <ClCompile Include="Trial08.c">
      <Filter>소스 파일\Part1\Chapter10</Filter>
    </ClCompile>
    <ClCompile Include="ArrayBasic.c">
      <Filter>소스 파일\Part2\Chapter11</Filter>
    </ClCompile>
    <ClCompile Include="CharArrPractice01.c">
      <Filter>소스 파일\Part2\Chapter11</Filter>
    </ClCompile>
    <ClCompile Include="CharArrPractice02.c">
      <Filter>소스 파일\Part2\Chapter11</Filter>
    </ClCompile>
    <ClCompile Include="CharArrPractice03.c">
      <Filter>소스 파일\Part2\Chapter11</Filter>
    </ClCompile>
    <ClCompile Include="PointerBasic.c">
      <Filter>소스 파일\Part2\Chapter12</Filter>
    </ClCompile>
    <ClCompile Include="PointerAndArray.c">
      <Filter>소스 파일\Part2\Chapter13</Filter>
    </ClCompile>
    <ClCompile Include="PointerAndFunction.c">
      <Filter>소스 파일\Part2\Chapter14</Filter>
    </ClCompile>
    <ClCompile Include="Pointer14_1.c">
      <Filter>소스 파일\Part2\Chapter14</Filter>
    </ClCompile>
    <ClCompile Include="Trial2_01.c">
      <Filter>소스 파일\Part2\Chapter15</Filter>
    </ClCompile>
    <ClCompile Include="Trial2_02%28Binary%29.c">
      <Filter>소스 파일\Part2\Chapter15</Filter>
    </ClCompile>
    <ClCompile Include="Trial2_03.c">
      <Filter>소스 파일\Part2\Chapter15</Filter>
    </ClCompile>
    <ClCompile Include="Trial2_04.c">
      <Filter>소스 파일\Part2\Chapter15</Filter>
    </ClCompile>
    <ClCompile Include="MulDimArrBasic.c">
      <Filter>소스 파일\Part3\Chapter16</Filter>
    </ClCompile>
    <ClCompile Include="MulArrayMemory.c">
      <Filter>소스 파일\Part3\Chapter16</Filter>
    </ClCompile>
    <ClCompile Include="PointerOfPointer.c">
      <Filter>소스 파일\Part3\Chapter17</Filter>
    </ClCompile>
    <ClCompile Include="Baekjoon_Problem.c">
      <Filter>소스 파일\Problem</Filter>
    </ClCompile>
    <ClCompile Include="MulArrayAndPointer.c">
      <Filter>소스 파일\Part3\Chapter18</Filter>
    </ClCompile>
    <ClCompile Include="MulArrayAndPointer2.c">
      <Filter>소스 파일\Part3\Chapter18</Filter>
    </ClCompile>
    <ClCompile Include="ArrayPointerAndPointerArray.c">
      <Filter>소스 파일\Part3\Chapter18</Filter>
    </ClCompile>
    <ClCompile Include="FunctionPointer.c">
      <Filter>소스 파일\Part3\Chapter19</Filter>
    </ClCompile>
    <ClCompile Include="VoidPointer.c">
      <Filter>소스 파일\Part3\Chapter19</Filter>
    </ClCompile>
    <ClCompile Include="MainFunction.c">
      <Filter>소스 파일\Part3\Chapter19</Filter>
    </ClCompile>
    <ClCompile Include="StringAndFunc.c">
      <Filter>소스 파일\Part4</Filter>
    </ClCompile>
    <ClCompile Include="Problem18_1.c">
      <Filter>소스 파일\Part3\Chapter20</Filter>
    </ClCompile>
    <ClCompile Include="Problem18_2.c">
      <Filter>소스 파일\Part3\Chapter20</Filter>
    </ClCompile>
    <ClCompile Include="Problem18_3.c">
      <Filter>소스 파일\Part3\Chapter20</Filter>
    </ClCompile>
    <ClCompile Include="Trial3_01%28Curv%29.c">
      <Filter>소스 파일\Part3\Chapter20</Filter>
    </ClCompile>
    <ClCompile Include="Trial3_02(Snail).c">
      <Filter>소스 파일\Part3\Chapter20</Filter>
    </ClCompile>
    <ClCompile Include="Trial3_03(Random).c">
      <Filter>소스 파일\Part3\Chapter20</Filter>
    </ClCompile>
  </ItemGroup>
</Project>